<?xml version="1.0" encoding="utf-8"?>
<Project ToolsVersion="4.0" xmlns="http://schemas.microsoft.com/developer/msbuild/2003">
  <ItemGroup>
    <Filter Include="소스 파일">
      <UniqueIdentifier>{4FC737F1-C7A5-4376-A066-2A32D752A2FF}</UniqueIdentifier>
      <Extensions>cpp;c;cc;cxx;c++;def;odl;idl;hpj;bat;asm;asmx</Extensions>
    </Filter>
    <Filter Include="헤더 파일">
      <UniqueIdentifier>{93995380-89BD-4b04-88EB-625FBE52EBFB}</UniqueIdentifier>
      <Extensions>h;hh;hpp;hxx;h++;hm;inl;inc;ipp;xsd</Extensions>
    </Filter>
    <Filter Include="소스 파일\리소스 파일">
      <UniqueIdentifier>{67DA6AB6-F800-4c08-8B7A-83BB121AAD01}</UniqueIdentifier>
      <Extensions>rc;ico;cur;bmp;dlg;rc2;rct;bin;rgs;gif;jpg;jpeg;jpe;resx;tiff;tif;png;wav;mfcribbon-ms</Extensions>
    </Filter>
  </ItemGroup>
  <ItemGroup>
    <ClCompile Include="p214.cpp">
      <Filter>소스 파일</Filter>
    </ClCompile>
    <ClCompile Include="p212.cpp">
      <Filter>소스 파일</Filter>
    </ClCompile>
    <ClCompile Include="MapEx.cpp">
      <Filter>소스 파일</Filter>
    </ClCompile>
    <ClCompile Include="MapEx2.cpp">
      <Filter>소스 파일</Filter>
    </ClCompile>
    <ClCompile Include="Multimap.cpp">
      <Filter>소스 파일</Filter>
    </ClCompile>
    <ClCompile Include="vector2205.cpp">
      <Filter>소스 파일</Filter>
    </ClCompile>
    <ClCompile Include="Sourcefile.cpp">
      <Filter>소스 파일</Filter>
    </ClCompile>
    <ClCompile Include="IOput.cpp">
      <Filter>소스 파일</Filter>
    </ClCompile>
    <ClCompile Include="FileCopy.cpp">
      <Filter>소스 파일</Filter>
    </ClCompile>
    <ClCompile Include="p236t.cpp">
      <Filter>소스 파일</Filter>
    </ClCompile>
    <ClCompile Include="Seek.cpp">
      <Filter>소스 파일</Filter>
    </ClCompile>
    <ClCompile Include="SeekpTellp.cpp">
      <Filter>소스 파일</Filter>
    </ClCompile>
    <ClCompile Include="Seekg.cpp">
      <Filter>소스 파일</Filter>
    </ClCompile>
    <ClCompile Include="p236.cpp">
      <Filter>소스 파일</Filter>
    </ClCompile>
    <ClCompile Include="p234.cpp">
      <Filter>소스 파일</Filter>
    </ClCompile>
    <ClCompile Include="p233.cpp">
      <Filter>소스 파일</Filter>
    </ClCompile>
    <ClCompile Include="p232.cpp">
      <Filter>소스 파일</Filter>
    </ClCompile>
    <ClCompile Include="p224.cpp">
      <Filter>소스 파일</Filter>
    </ClCompile>
    <ClCompile Include="231p.cpp">
      <Filter>소스 파일</Filter>
    </ClCompile>
    <ClCompile Include="230p.cpp">
      <Filter>소스 파일</Filter>
    </ClCompile>
    <ClCompile Include="229p.cpp">
      <Filter>소스 파일</Filter>
    </ClCompile>
    <ClCompile Include="227.cpp">
      <Filter>소스 파일</Filter>
    </ClCompile>
    <ClCompile Include="226p.cpp">
      <Filter>소스 파일</Filter>
    </ClCompile>
    <ClCompile Include="225.cpp">
      <Filter>소스 파일</Filter>
    </ClCompile>
    <ClCompile Include="Lotto_algorithm.cpp">
      <Filter>소스 파일</Filter>
    </ClCompile>
    <ClCompile Include="Lotto.cpp">
      <Filter>소스 파일</Filter>
    </ClCompile>
    <ClCompile Include="p210.cpp">
      <Filter>소스 파일</Filter>
    </ClCompile>
    <ClCompile Include="booklist.cpp">
      <Filter>소스 파일</Filter>
    </ClCompile>
    <ClCompile Include="vectorTest.cpp">
      <Filter>소스 파일</Filter>
    </ClCompile>
    <ClCompile Include="p198.cpp">
      <Filter>소스 파일</Filter>
    </ClCompile>
    <ClCompile Include="p200.cpp">
      <Filter>소스 파일</Filter>
    </ClCompile>
    <ClCompile Include="Swap_Template.cpp">
      <Filter>소스 파일</Filter>
    </ClCompile>
    <ClCompile Include="p196.cpp">
      <Filter>소스 파일</Filter>
    </ClCompile>
    <ClCompile Include="p193.cpp">
      <Filter>소스 파일</Filter>
    </ClCompile>
    <ClCompile Include="p195.cpp">
      <Filter>소스 파일</Filter>
    </ClCompile>
    <ClCompile Include="p194.cpp">
      <Filter>소스 파일</Filter>
    </ClCompile>
    <ClCompile Include="p176_Suhang.cpp">
      <Filter>소스 파일</Filter>
    </ClCompile>
    <ClCompile Include="p130Suhang.cpp">
      <Filter>소스 파일</Filter>
    </ClCompile>
    <ClCompile Include="p191test.cpp">
      <Filter>소스 파일</Filter>
    </ClCompile>
    <ClCompile Include="p186.cpp">
      <Filter>소스 파일</Filter>
    </ClCompile>
    <ClCompile Include="p184.cpp">
      <Filter>소스 파일</Filter>
    </ClCompile>
    <ClCompile Include="p183.cpp">
      <Filter>소스 파일</Filter>
    </ClCompile>
    <ClCompile Include="binding.cpp">
      <Filter>소스 파일</Filter>
    </ClCompile>
    <ClCompile Include="p176sh.cpp">
      <Filter>소스 파일</Filter>
    </ClCompile>
    <ClCompile Include="p170.cpp">
      <Filter>소스 파일</Filter>
    </ClCompile>
    <ClCompile Include="p171.cpp">
      <Filter>소스 파일</Filter>
    </ClCompile>
    <ClCompile Include="p173.cpp">
      <Filter>소스 파일</Filter>
    </ClCompile>
    <ClCompile Include="p168.cpp">
      <Filter>소스 파일</Filter>
    </ClCompile>
    <ClCompile Include="Delegation.cpp">
      <Filter>소스 파일</Filter>
    </ClCompile>
    <ClCompile Include="p169.cpp">
      <Filter>소스 파일</Filter>
    </ClCompile>
    <ClCompile Include="Delegation1.cpp">
      <Filter>소스 파일</Filter>
    </ClCompile>
    <ClCompile Include="horse.cpp">
      <Filter>소스 파일</Filter>
    </ClCompile>
    <ClCompile Include="168p.cpp">
      <Filter>소스 파일</Filter>
    </ClCompile>
    <ClCompile Include="Overriding.cpp">
      <Filter>소스 파일</Filter>
    </ClCompile>
    <ClCompile Include="164p.cpp">
      <Filter>소스 파일</Filter>
    </ClCompile>
    <ClCompile Include="0831.cpp">
      <Filter>소스 파일</Filter>
    </ClCompile>
    <ClCompile Include="CopyCon2.cpp">
      <Filter>소스 파일</Filter>
    </ClCompile>
    <ClCompile Include="InitStyle.cpp">
      <Filter>소스 파일</Filter>
    </ClCompile>
    <ClCompile Include="InitStyle2.cpp">
      <Filter>소스 파일</Filter>
    </ClCompile>
    <ClCompile Include="friend2.cpp">
      <Filter>소스 파일</Filter>
    </ClCompile>
    <ClCompile Include="friend.cpp">
      <Filter>소스 파일</Filter>
    </ClCompile>
    <ClCompile Include="classtest.cpp">
      <Filter>소스 파일</Filter>
    </ClCompile>
    <ClCompile Include="Complex.cpp">
      <Filter>소스 파일</Filter>
    </ClCompile>
    <ClCompile Include="P151.cpp">
      <Filter>소스 파일</Filter>
    </ClCompile>
    <ClCompile Include="P152.cpp">
      <Filter>소스 파일</Filter>
    </ClCompile>
    <ClCompile Include="P148.cpp">
      <Filter>소스 파일</Filter>
    </ClCompile>
    <ClCompile Include="소스.cpp">
      <Filter>소스 파일</Filter>
    </ClCompile>
    <ClCompile Include="up and down.cpp">
      <Filter>소스 파일</Filter>
    </ClCompile>
    <ClCompile Include="fOlTest01.cpp">
      <Filter>소스 파일</Filter>
    </ClCompile>
    <ClCompile Include="fInTest01.cpp">
      <Filter>소스 파일</Filter>
    </ClCompile>
    <ClCompile Include="Rand.cpp">
      <Filter>소스 파일</Filter>
    </ClCompile>
    <ClCompile Include="hw8.cpp">
      <Filter>소스 파일</Filter>
    </ClCompile>
    <ClCompile Include="hw6.cpp">
      <Filter>소스 파일</Filter>
    </ClCompile>
    <ClCompile Include="Test.cpp">
      <Filter>소스 파일</Filter>
    </ClCompile>
    <ClCompile Include="fInTest02.cpp">
      <Filter>소스 파일</Filter>
    </ClCompile>
    <ClCompile Include="fTest03.cpp">
      <Filter>소스 파일</Filter>
    </ClCompile>
    <ClCompile Include="fTest04.cpp">
      <Filter>소스 파일</Filter>
    </ClCompile>
    <ClCompile Include="fTest05.cpp">
      <Filter>소스 파일</Filter>
    </ClCompile>
    <ClCompile Include="Ftest9.cpp">
      <Filter>소스 파일</Filter>
    </ClCompile>
    <ClCompile Include="Ftest10.cpp">
      <Filter>소스 파일</Filter>
    </ClCompile>
    <ClCompile Include="Ftest8.cpp">
      <Filter>소스 파일</Filter>
    </ClCompile>
    <ClCompile Include="Ftest7.cpp">
      <Filter>소스 파일</Filter>
    </ClCompile>
    <ClCompile Include="swap.cpp">
      <Filter>소스 파일</Filter>
    </ClCompile>
    <ClCompile Include="Ftest5.cpp">
      <Filter>소스 파일</Filter>
    </ClCompile>
    <ClCompile Include="Ftest6.cpp">
      <Filter>소스 파일</Filter>
    </ClCompile>
    <ClCompile Include="Ftest4.cpp">
      <Filter>소스 파일</Filter>
    </ClCompile>
    <ClCompile Include="Ftest2.cpp">
      <Filter>소스 파일</Filter>
    </ClCompile>
    <ClCompile Include="Ftest3.cpp">
      <Filter>소스 파일</Filter>
    </ClCompile>
    <ClCompile Include="fTest02.cpp">
      <Filter>소스 파일</Filter>
    </ClCompile>
    <ClCompile Include="fTest01.cpp">
      <Filter>소스 파일</Filter>
    </ClCompile>
    <ClCompile Include="Ftest1.cpp">
      <Filter>소스 파일</Filter>
    </ClCompile>
    <ClCompile Include="PointerAdd.cpp">
      <Filter>소스 파일</Filter>
    </ClCompile>
    <ClCompile Include="ArrayAndPointer.cpp">
      <Filter>소스 파일</Filter>
    </ClCompile>
    <ClCompile Include="Array.cpp">
      <Filter>소스 파일</Filter>
    </ClCompile>
    <ClCompile Include="Alpha.cpp">
      <Filter>소스 파일</Filter>
    </ClCompile>
    <ClCompile Include="Pointer.cpp">
      <Filter>소스 파일</Filter>
    </ClCompile>
    <ClCompile Include="constantPointer.cpp">
      <Filter>소스 파일</Filter>
    </ClCompile>
    <ClCompile Include="hw10.cpp">
      <Filter>소스 파일</Filter>
    </ClCompile>
    <ClCompile Include="문자열.cpp">
      <Filter>소스 파일</Filter>
    </ClCompile>
    <ClCompile Include="아무거나.cpp">
      <Filter>소스 파일</Filter>
    </ClCompile>
    <ClCompile Include="jiyucjunyuc.cpp">
      <Filter>소스 파일</Filter>
    </ClCompile>
    <ClCompile Include="constant2.cpp">
      <Filter>소스 파일</Filter>
    </ClCompile>
    <ClCompile Include="constant.cpp">
      <Filter>소스 파일</Filter>
    </ClCompile>
    <ClCompile Include="static variable.cpp">
      <Filter>소스 파일</Filter>
    </ClCompile>
    <ClCompile Include="typecasting.cpp">
      <Filter>소스 파일</Filter>
    </ClCompile>
    <ClCompile Include="bum.cpp">
      <Filter>소스 파일</Filter>
    </ClCompile>
    <ClCompile Include="sizeof.cpp">
      <Filter>소스 파일</Filter>
    </ClCompile>
    <ClCompile Include="Test24.cpp">
      <Filter>소스 파일</Filter>
    </ClCompile>
    <ClCompile Include="Test23.cpp">
      <Filter>소스 파일</Filter>
    </ClCompile>
    <ClCompile Include="test22.cpp">
      <Filter>소스 파일</Filter>
    </ClCompile>
    <ClCompile Include="test21.cpp">
      <Filter>소스 파일</Filter>
    </ClCompile>
    <ClCompile Include="test20.cpp">
      <Filter>소스 파일</Filter>
    </ClCompile>
    <ClCompile Include="hw5.cpp">
      <Filter>소스 파일</Filter>
    </ClCompile>
    <ClCompile Include="score.cpp">
      <Filter>소스 파일</Filter>
    </ClCompile>
    <ClCompile Include="test19.cpp">
      <Filter>소스 파일</Filter>
    </ClCompile>
    <ClCompile Include="test18.cpp">
      <Filter>소스 파일</Filter>
    </ClCompile>
    <ClCompile Include="hw4.cpp">
      <Filter>소스 파일</Filter>
    </ClCompile>
    <ClCompile Include="hw4_1.cpp">
      <Filter>소스 파일</Filter>
    </ClCompile>
    <ClCompile Include="PerfactNumber.cpp">
      <Filter>소스 파일</Filter>
    </ClCompile>
    <ClCompile Include="test17.cpp">
      <Filter>소스 파일</Filter>
    </ClCompile>
    <ClCompile Include="hw2.cpp">
      <Filter>소스 파일</Filter>
    </ClCompile>
    <ClCompile Include="test16.cpp">
      <Filter>소스 파일</Filter>
    </ClCompile>
    <ClCompile Include="test15.cpp">
      <Filter>소스 파일</Filter>
    </ClCompile>
    <ClCompile Include="hw3.cpp">
      <Filter>소스 파일</Filter>
    </ClCompile>
    <ClCompile Include="hw1.cpp">
      <Filter>소스 파일</Filter>
    </ClCompile>
    <ClCompile Include="test14.cpp">
      <Filter>소스 파일</Filter>
    </ClCompile>
    <ClCompile Include="test13.cpp">
      <Filter>소스 파일</Filter>
    </ClCompile>
    <ClCompile Include="test12.cpp">
      <Filter>소스 파일</Filter>
    </ClCompile>
    <ClCompile Include="test11.cpp">
      <Filter>소스 파일</Filter>
    </ClCompile>
    <ClCompile Include="test10.cpp">
      <Filter>소스 파일</Filter>
    </ClCompile>
    <ClCompile Include="test9.cpp">
      <Filter>소스 파일</Filter>
    </ClCompile>
    <ClCompile Include="test8.cpp">
      <Filter>소스 파일</Filter>
    </ClCompile>
    <ClCompile Include="test7.cpp">
      <Filter>소스 파일</Filter>
    </ClCompile>
    <ClCompile Include="Test6.cpp">
      <Filter>소스 파일</Filter>
    </ClCompile>
    <ClCompile Include="Test4.cpp">
      <Filter>소스 파일</Filter>
    </ClCompile>
    <ClCompile Include="Test5.cpp">
      <Filter>소스 파일</Filter>
    </ClCompile>
    <ClCompile Include="Test3.cpp">
      <Filter>소스 파일</Filter>
    </ClCompile>
    <ClCompile Include="Test2.cpp">
      <Filter>소스 파일</Filter>
    </ClCompile>
    <ClCompile Include="d_j.cpp">
      <Filter>소스 파일</Filter>
    </ClCompile>
    <ClCompile Include="Test01.cpp">
      <Filter>소스 파일</Filter>
    </ClCompile>
  </ItemGroup>
</Project>